
Microsoft Visual Studio Solution File, Format Version 12.00
# Visual Studio Version 17
VisualStudioVersion = 17.8.34330.188
MinimumVisualStudioVersion = 10.0.40219.1
Project("{FAE04EC0-301F-11D3-BF4B-00C04F79EFBC}") = "Porlam", "Porlam.csproj", "{CCDC9BCB-6EEE-4172-A673-8F7194CB4D92}"
EndProject
Global
	GlobalSection(SolutionConfigurationPlatforms) = preSolution
		Debug|Any CPU = Debug|Any CPU
		Release|Any CPU = Release|Any CPU
	EndGlobalSection
	GlobalSection(ProjectConfigurationPlatforms) = postSolution
		{CCDC9BCB-6EEE-4172-A673-8F7194CB4D92}.Debug|Any CPU.ActiveCfg = Debug|Any CPU
		{CCDC9BCB-6EEE-4172-A673-8F7194CB4D92}.Debug|Any CPU.Build.0 = Debug|Any CPU
		{CCDC9BCB-6EEE-4172-A673-8F7194CB4D92}.Release|Any CPU.ActiveCfg = Release|Any CPU
		{CCDC9BCB-6EEE-4172-A673-8F7194CB4D92}.Release|Any CPU.Build.0 = Release|Any CPU
	EndGlobalSection
	GlobalSection(SolutionProperties) = preSolution
		HideSolutionNode = FALSE
	EndGlobalSection
	GlobalSection(ExtensibilityGlobals) = postSolution
		SolutionGuid = {D47FD7EF-4A96-40F2-B75A-38CAB560417B}
	EndGlobalSection
EndGlobal
